
Microsoft Visual Studio Solution File, Format Version 12.00
# Visual Studio 15
VisualStudioVersion = 15.0.27130.2027
MinimumVisualStudioVersion = 10.0.40219.1
Project("{888888A0-9F3D-457C-B088-3A5042F75D52}") = "PythonApplication29", "PythonApplication29\PythonApplication29.pyproj", "{EF95F3B6-1D5E-4546-B5DE-2C99359B21B0}"
EndProject
Global
	GlobalSection(SolutionConfigurationPlatforms) = preSolution
		Debug|Any CPU = Debug|Any CPU
		Release|Any CPU = Release|Any CPU
	EndGlobalSection
	GlobalSection(ProjectConfigurationPlatforms) = postSolution
		{EF95F3B6-1D5E-4546-B5DE-2C99359B21B0}.Debug|Any CPU.ActiveCfg = Debug|Any CPU
		{EF95F3B6-1D5E-4546-B5DE-2C99359B21B0}.Release|Any CPU.ActiveCfg = Release|Any CPU
	EndGlobalSection
	GlobalSection(SolutionProperties) = preSolution
		HideSolutionNode = FALSE
	EndGlobalSection
	GlobalSection(ExtensibilityGlobals) = postSolution
		SolutionGuid = {6C53A6F4-62FE-4656-9425-52E13B9C2913}
	EndGlobalSection
EndGlobal
